// !$*UTF8*$!
{
	archiveVersion = 1;
	classes = {
	};
	objectVersion = 46;
	objects = {

/* Begin PBXBuildFile section */
		110F3A491BB95B9E003521FD /* main.m in Sources */ = {isa = PBXBuildFile; fileRef = 110F3A481BB95B9E003521FD /* main.m */; };
		110F3A4C1BB95B9E003521FD /* AppDelegate.m in Sources */ = {isa = PBXBuildFile; fileRef = 110F3A4B1BB95B9E003521FD /* AppDelegate.m */; };
		110F3A4F1BB95B9E003521FD /* ViewController.m in Sources */ = {isa = PBXBuildFile; fileRef = 110F3A4E1BB95B9E003521FD /* ViewController.m */; };
		110F3A521BB95B9E003521FD /* Main.storyboard in Resources */ = {isa = PBXBuildFile; fileRef = 110F3A501BB95B9E003521FD /* Main.storyboard */; };
		110F3A541BB95B9E003521FD /* Images.xcassets in Resources */ = {isa = PBXBuildFile; fileRef = 110F3A531BB95B9E003521FD /* Images.xcassets */; };
		110F3A571BB95B9E003521FD /* LaunchScreen.xib in Resources */ = {isa = PBXBuildFile; fileRef = 110F3A551BB95B9E003521FD /* LaunchScreen.xib */; };
		110F3A631BB95B9E003521FD /* How_They_SoundTests.m in Sources */ = {isa = PBXBuildFile; fileRef = 110F3A621BB95B9E003521FD /* How_They_SoundTests.m */; };
		110F3A6E1BB960A5003521FD /* AnimalSound.m in Sources */ = {isa = PBXBuildFile; fileRef = 110F3A6D1BB960A5003521FD /* AnimalSound.m */; };
		110F3A841BB97706003521FD /* cat.png in Resources */ = {isa = PBXBuildFile; fileRef = 110F3A811BB97706003521FD /* cat.png */; };
		110F3A851BB97706003521FD /* Cow.png in Resources */ = {isa = PBXBuildFile; fileRef = 110F3A821BB97706003521FD /* Cow.png */; };
		110F3A861BB97706003521FD /* Dog.png in Resources */ = {isa = PBXBuildFile; fileRef = 110F3A831BB97706003521FD /* Dog.png */; };
		11598D651BBC1815005CDFCD /* chicken.png in Resources */ = {isa = PBXBuildFile; fileRef = 11598D631BBC1815005CDFCD /* chicken.png */; };
		118D06C41BBA521300D4DC8E /* speech_bubble_left.png in Resources */ = {isa = PBXBuildFile; fileRef = 118D06C21BBA521300D4DC8E /* speech_bubble_left.png */; };
		118D06C51BBA521300D4DC8E /* speech_bubble_right.png in Resources */ = {isa = PBXBuildFile; fileRef = 118D06C31BBA521300D4DC8E /* speech_bubble_right.png */; };
		11EC3C551BBD145400082CA4 /* duck.png in Resources */ = {isa = PBXBuildFile; fileRef = 11EC3C541BBD145400082CA4 /* duck.png */; };
		11ED2DD91BF0C1BE00826365 /* Localizable.strings in Resources */ = {isa = PBXBuildFile; fileRef = 11ED2DDB1BF0C1BE00826365 /* Localizable.strings */; };
/* End PBXBuildFile section */

/* Begin PBXContainerItemProxy section */
		110F3A5D1BB95B9E003521FD /* PBXContainerItemProxy */ = {
			isa = PBXContainerItemProxy;
			containerPortal = 110F3A3B1BB95B9E003521FD /* Project object */;
			proxyType = 1;
			remoteGlobalIDString = 110F3A421BB95B9E003521FD;
			remoteInfo = "How They Sound";
		};
/* End PBXContainerItemProxy section */

/* Begin PBXFileReference section */
		110F3A431BB95B9E003521FD /* How They Sound.app */ = {isa = PBXFileReference; explicitFileType = wrapper.application; includeInIndex = 0; path = "How They Sound.app"; sourceTree = BUILT_PRODUCTS_DIR; };
		110F3A471BB95B9E003521FD /* Info.plist */ = {isa = PBXFileReference; lastKnownFileType = text.plist.xml; path = Info.plist; sourceTree = "<group>"; };
		110F3A481BB95B9E003521FD /* main.m */ = {isa = PBXFileReference; lastKnownFileType = sourcecode.c.objc; path = main.m; sourceTree = "<group>"; };
		110F3A4A1BB95B9E003521FD /* AppDelegate.h */ = {isa = PBXFileReference; lastKnownFileType = sourcecode.c.h; path = AppDelegate.h; sourceTree = "<group>"; };
		110F3A4B1BB95B9E003521FD /* AppDelegate.m */ = {isa = PBXFileReference; lastKnownFileType = sourcecode.c.objc; path = AppDelegate.m; sourceTree = "<group>"; };
		110F3A4D1BB95B9E003521FD /* ViewController.h */ = {isa = PBXFileReference; lastKnownFileType = sourcecode.c.h; path = ViewController.h; sourceTree = "<group>"; };
		110F3A4E1BB95B9E003521FD /* ViewController.m */ = {isa = PBXFileReference; lastKnownFileType = sourcecode.c.objc; path = ViewController.m; sourceTree = "<group>"; };
		110F3A511BB95B9E003521FD /* Base */ = {isa = PBXFileReference; lastKnownFileType = file.storyboard; name = Base; path = Base.lproj/Main.storyboard; sourceTree = "<group>"; };
		110F3A531BB95B9E003521FD /* Images.xcassets */ = {isa = PBXFileReference; lastKnownFileType = folder.assetcatalog; path = Images.xcassets; sourceTree = "<group>"; };
		110F3A561BB95B9E003521FD /* Base */ = {isa = PBXFileReference; lastKnownFileType = file.xib; name = Base; path = Base.lproj/LaunchScreen.xib; sourceTree = "<group>"; };
		110F3A5C1BB95B9E003521FD /* How They SoundTests.xctest */ = {isa = PBXFileReference; explicitFileType = wrapper.cfbundle; includeInIndex = 0; path = "How They SoundTests.xctest"; sourceTree = BUILT_PRODUCTS_DIR; };
		110F3A611BB95B9E003521FD /* Info.plist */ = {isa = PBXFileReference; lastKnownFileType = text.plist.xml; path = Info.plist; sourceTree = "<group>"; };
		110F3A621BB95B9E003521FD /* How_They_SoundTests.m */ = {isa = PBXFileReference; lastKnownFileType = sourcecode.c.objc; path = How_They_SoundTests.m; sourceTree = "<group>"; };
		110F3A6C1BB960A5003521FD /* AnimalSound.h */ = {isa = PBXFileReference; fileEncoding = 4; lastKnownFileType = sourcecode.c.h; path = AnimalSound.h; sourceTree = "<group>"; };
		110F3A6D1BB960A5003521FD /* AnimalSound.m */ = {isa = PBXFileReference; fileEncoding = 4; lastKnownFileType = sourcecode.c.objc; path = AnimalSound.m; sourceTree = "<group>"; };
		110F3A811BB97706003521FD /* cat.png */ = {isa = PBXFileReference; lastKnownFileType = image.png; path = cat.png; sourceTree = "<group>"; };
		110F3A821BB97706003521FD /* Cow.png */ = {isa = PBXFileReference; lastKnownFileType = image.png; path = Cow.png; sourceTree = "<group>"; };
		110F3A831BB97706003521FD /* Dog.png */ = {isa = PBXFileReference; lastKnownFileType = image.png; path = Dog.png; sourceTree = "<group>"; };
		11598D631BBC1815005CDFCD /* chicken.png */ = {isa = PBXFileReference; lastKnownFileType = image.png; path = chicken.png; sourceTree = "<group>"; };
		118D06C21BBA521300D4DC8E /* speech_bubble_left.png */ = {isa = PBXFileReference; lastKnownFileType = image.png; path = speech_bubble_left.png; sourceTree = "<group>"; };
		118D06C31BBA521300D4DC8E /* speech_bubble_right.png */ = {isa = PBXFileReference; lastKnownFileType = image.png; path = speech_bubble_right.png; sourceTree = "<group>"; };
		11EC3C541BBD145400082CA4 /* duck.png */ = {isa = PBXFileReference; lastKnownFileType = image.png; path = duck.png; sourceTree = "<group>"; };
		11ED2DD71BF0C19C00826365 /* fr */ = {isa = PBXFileReference; lastKnownFileType = text.plist.strings; name = fr; path = fr.lproj/Main.strings; sourceTree = "<group>"; };
		11ED2DD81BF0C19C00826365 /* fr */ = {isa = PBXFileReference; lastKnownFileType = text.plist.strings; name = fr; path = fr.lproj/LaunchScreen.strings; sourceTree = "<group>"; };
		11ED2DDA1BF0C1BE00826365 /* en */ = {isa = PBXFileReference; lastKnownFileType = text.plist.strings; name = en; path = en.lproj/Localizable.strings; sourceTree = "<group>"; };
		11ED2DDC1BF0C20200826365 /* fr */ = {isa = PBXFileReference; lastKnownFileType = text.plist.strings; name = fr; path = fr.lproj/Localizable.strings; sourceTree = "<group>"; };
		11ED2DDD1BF0D45A00826365 /* ja */ = {isa = PBXFileReference; lastKnownFileType = text.plist.strings; name = ja; path = ja.lproj/Main.strings; sourceTree = "<group>"; };
		11ED2DDE1BF0D45A00826365 /* ja */ = {isa = PBXFileReference; lastKnownFileType = text.plist.strings; name = ja; path = ja.lproj/LaunchScreen.strings; sourceTree = "<group>"; };
		11ED2DDF1BF0D45A00826365 /* ja */ = {isa = PBXFileReference; lastKnownFileType = text.plist.strings; name = ja; path = ja.lproj/Localizable.strings; sourceTree = "<group>"; };
/* End PBXFileReference section */

/* Begin PBXFrameworksBuildPhase section */
		110F3A401BB95B9E003521FD /* Frameworks */ = {
			isa = PBXFrameworksBuildPhase;
			buildActionMask = 2147483647;
			files = (
			);
			runOnlyForDeploymentPostprocessing = 0;
		};
		110F3A591BB95B9E003521FD /* Frameworks */ = {
			isa = PBXFrameworksBuildPhase;
			buildActionMask = 2147483647;
			files = (
			);
			runOnlyForDeploymentPostprocessing = 0;
		};
/* End PBXFrameworksBuildPhase section */

/* Begin PBXGroup section */
		110F3A3A1BB95B9E003521FD = {
			isa = PBXGroup;
			children = (
				110F3A451BB95B9E003521FD /* How They Sound */,
				110F3A5F1BB95B9E003521FD /* How They SoundTests */,
				110F3A441BB95B9E003521FD /* Products */,
			);
			sourceTree = "<group>";
		};
		110F3A441BB95B9E003521FD /* Products */ = {
			isa = PBXGroup;
			children = (
				110F3A431BB95B9E003521FD /* How They Sound.app */,
				110F3A5C1BB95B9E003521FD /* How They SoundTests.xctest */,
			);
			name = Products;
			sourceTree = "<group>";
		};
		110F3A451BB95B9E003521FD /* How They Sound */ = {
			isa = PBXGroup;
			children = (
				11EC3C541BBD145400082CA4 /* duck.png */,
				11598D631BBC1815005CDFCD /* chicken.png */,
				118D06C21BBA521300D4DC8E /* speech_bubble_left.png */,
				118D06C31BBA521300D4DC8E /* speech_bubble_right.png */,
				110F3A811BB97706003521FD /* cat.png */,
				110F3A821BB97706003521FD /* Cow.png */,
				110F3A831BB97706003521FD /* Dog.png */,
				110F3A4A1BB95B9E003521FD /* AppDelegate.h */,
				110F3A4B1BB95B9E003521FD /* AppDelegate.m */,
				110F3A4D1BB95B9E003521FD /* ViewController.h */,
				110F3A4E1BB95B9E003521FD /* ViewController.m */,
				110F3A501BB95B9E003521FD /* Main.storyboard */,
				110F3A531BB95B9E003521FD /* Images.xcassets */,
				110F3A551BB95B9E003521FD /* LaunchScreen.xib */,
				110F3A461BB95B9E003521FD /* Supporting Files */,
				110F3A6C1BB960A5003521FD /* AnimalSound.h */,
				110F3A6D1BB960A5003521FD /* AnimalSound.m */,
			);
			path = "How They Sound";
			sourceTree = "<group>";
		};
		110F3A461BB95B9E003521FD /* Supporting Files */ = {
			isa = PBXGroup;
			children = (
				11ED2DDB1BF0C1BE00826365 /* Localizable.strings */,
				110F3A471BB95B9E003521FD /* Info.plist */,
				110F3A481BB95B9E003521FD /* main.m */,
			);
			name = "Supporting Files";
			sourceTree = "<group>";
		};
		110F3A5F1BB95B9E003521FD /* How They SoundTests */ = {
			isa = PBXGroup;
			children = (
				110F3A621BB95B9E003521FD /* How_They_SoundTests.m */,
				110F3A601BB95B9E003521FD /* Supporting Files */,
			);
			path = "How They SoundTests";
			sourceTree = "<group>";
		};
		110F3A601BB95B9E003521FD /* Supporting Files */ = {
			isa = PBXGroup;
			children = (
				110F3A611BB95B9E003521FD /* Info.plist */,
			);
			name = "Supporting Files";
			sourceTree = "<group>";
		};
/* End PBXGroup section */

/* Begin PBXNativeTarget section */
		110F3A421BB95B9E003521FD /* How They Sound */ = {
			isa = PBXNativeTarget;
			buildConfigurationList = 110F3A661BB95B9E003521FD /* Build configuration list for PBXNativeTarget "How They Sound" */;
			buildPhases = (
				110F3A3F1BB95B9E003521FD /* Sources */,
				110F3A401BB95B9E003521FD /* Frameworks */,
				110F3A411BB95B9E003521FD /* Resources */,
			);
			buildRules = (
			);
			dependencies = (
			);
			name = "How They Sound";
			productName = "How They Sound";
			productReference = 110F3A431BB95B9E003521FD /* How They Sound.app */;
			productType = "com.apple.product-type.application";
		};
		110F3A5B1BB95B9E003521FD /* How They SoundTests */ = {
			isa = PBXNativeTarget;
			buildConfigurationList = 110F3A691BB95B9E003521FD /* Build configuration list for PBXNativeTarget "How They SoundTests" */;
			buildPhases = (
				110F3A581BB95B9E003521FD /* Sources */,
				110F3A591BB95B9E003521FD /* Frameworks */,
				110F3A5A1BB95B9E003521FD /* Resources */,
			);
			buildRules = (
			);
			dependencies = (
				110F3A5E1BB95B9E003521FD /* PBXTargetDependency */,
			);
			name = "How They SoundTests";
			productName = "How They SoundTests";
			productReference = 110F3A5C1BB95B9E003521FD /* How They SoundTests.xctest */;
			productType = "com.apple.product-type.bundle.unit-test";
		};
/* End PBXNativeTarget section */

/* Begin PBXProject section */
		110F3A3B1BB95B9E003521FD /* Project object */ = {
			isa = PBXProject;
			attributes = {
				LastUpgradeCheck = 0640;
				ORGANIZATIONNAME = "Suman Roy";
				TargetAttributes = {
					110F3A421BB95B9E003521FD = {
						CreatedOnToolsVersion = 6.4;
					};
					110F3A5B1BB95B9E003521FD = {
						CreatedOnToolsVersion = 6.4;
						TestTargetID = 110F3A421BB95B9E003521FD;
					};
				};
			};
			buildConfigurationList = 110F3A3E1BB95B9E003521FD /* Build configuration list for PBXProject "How They Sound" */;
			compatibilityVersion = "Xcode 3.2";
			developmentRegion = English;
			hasScannedForEncodings = 0;
			knownRegions = (
				en,
				Base,
				fr,
				ja,
			);
			mainGroup = 110F3A3A1BB95B9E003521FD;
			productRefGroup = 110F3A441BB95B9E003521FD /* Products */;
			projectDirPath = "";
			projectRoot = "";
			targets = (
				110F3A421BB95B9E003521FD /* How They Sound */,
				110F3A5B1BB95B9E003521FD /* How They SoundTests */,
			);
		};
/* End PBXProject section */

/* Begin PBXResourcesBuildPhase section */
		110F3A411BB95B9E003521FD /* Resources */ = {
			isa = PBXResourcesBuildPhase;
			buildActionMask = 2147483647;
			files = (
				118D06C41BBA521300D4DC8E /* speech_bubble_left.png in Resources */,
				110F3A861BB97706003521FD /* Dog.png in Resources */,
				11ED2DD91BF0C1BE00826365 /* Localizable.strings in Resources */,
				118D06C51BBA521300D4DC8E /* speech_bubble_right.png in Resources */,
				110F3A521BB95B9E003521FD /* Main.storyboard in Resources */,
				11598D651BBC1815005CDFCD /* chicken.png in Resources */,
				110F3A571BB95B9E003521FD /* LaunchScreen.xib in Resources */,
				11EC3C551BBD145400082CA4 /* duck.png in Resources */,
				110F3A851BB97706003521FD /* Cow.png in Resources */,
				110F3A841BB97706003521FD /* cat.png in Resources */,
				110F3A541BB95B9E003521FD /* Images.xcassets in Resources */,
			);
			runOnlyForDeploymentPostprocessing = 0;
		};
		110F3A5A1BB95B9E003521FD /* Resources */ = {
			isa = PBXResourcesBuildPhase;
			buildActionMask = 2147483647;
			files = (
			);
			runOnlyForDeploymentPostprocessing = 0;
		};
/* End PBXResourcesBuildPhase section */

/* Begin PBXSourcesBuildPhase section */
		110F3A3F1BB95B9E003521FD /* Sources */ = {
			isa = PBXSourcesBuildPhase;
			buildActionMask = 2147483647;
			files = (
				110F3A4F1BB95B9E003521FD /* ViewController.m in Sources */,
				110F3A4C1BB95B9E003521FD /* AppDelegate.m in Sources */,
				110F3A491BB95B9E003521FD /* main.m in Sources */,
				110F3A6E1BB960A5003521FD /* AnimalSound.m in Sources */,
			);
			runOnlyForDeploymentPostprocessing = 0;
		};
		110F3A581BB95B9E003521FD /* Sources */ = {
			isa = PBXSourcesBuildPhase;
			buildActionMask = 2147483647;
			files = (
				110F3A631BB95B9E003521FD /* How_They_SoundTests.m in Sources */,
			);
			runOnlyForDeploymentPostprocessing = 0;
		};
/* End PBXSourcesBuildPhase section */

/* Begin PBXTargetDependency section */
		110F3A5E1BB95B9E003521FD /* PBXTargetDependency */ = {
			isa = PBXTargetDependency;
			target = 110F3A421BB95B9E003521FD /* How They Sound */;
			targetProxy = 110F3A5D1BB95B9E003521FD /* PBXContainerItemProxy */;
		};
/* End PBXTargetDependency section */

/* Begin PBXVariantGroup section */
		110F3A501BB95B9E003521FD /* Main.storyboard */ = {
			isa = PBXVariantGroup;
			children = (
				110F3A511BB95B9E003521FD /* Base */,
				11ED2DD71BF0C19C00826365 /* fr */,
				11ED2DDD1BF0D45A00826365 /* ja */,
			);
			name = Main.storyboard;
			sourceTree = "<group>";
		};
		110F3A551BB95B9E003521FD /* LaunchScreen.xib */ = {
			isa = PBXVariantGroup;
			children = (
				110F3A561BB95B9E003521FD /* Base */,
				11ED2DD81BF0C19C00826365 /* fr */,
				11ED2DDE1BF0D45A00826365 /* ja */,
			);
			name = LaunchScreen.xib;
			sourceTree = "<group>";
		};
		11ED2DDB1BF0C1BE00826365 /* Localizable.strings */ = {
			isa = PBXVariantGroup;
			children = (
				11ED2DDA1BF0C1BE00826365 /* en */,
				11ED2DDC1BF0C20200826365 /* fr */,
				11ED2DDF1BF0D45A00826365 /* ja */,
			);
			name = Localizable.strings;
			sourceTree = "<group>";
		};
/* End PBXVariantGroup section */

/* Begin XCBuildConfiguration section */
		110F3A641BB95B9E003521FD /* Debug */ = {
			isa = XCBuildConfiguration;
			buildSettings = {
				ALWAYS_SEARCH_USER_PATHS = NO;
				CLANG_CXX_LANGUAGE_STANDARD = "gnu++0x";
				CLANG_CXX_LIBRARY = "libc++";
				CLANG_ENABLE_MODULES = YES;
				CLANG_ENABLE_OBJC_ARC = YES;
				CLANG_WARN_BOOL_CONVERSION = YES;
				CLANG_WARN_CONSTANT_CONVERSION = YES;
				CLANG_WARN_DIRECT_OBJC_ISA_USAGE = YES_ERROR;
				CLANG_WARN_EMPTY_BODY = YES;
				CLANG_WARN_ENUM_CONVERSION = YES;
				CLANG_WARN_INT_CONVERSION = YES;
				CLANG_WARN_OBJC_ROOT_CLASS = YES_ERROR;
				CLANG_WARN_UNREACHABLE_CODE = YES;
				CLANG_WARN__DUPLICATE_METHOD_MATCH = YES;
				"CODE_SIGN_IDENTITY[sdk=iphoneos*]" = "iPhone Developer";
				COPY_PHASE_STRIP = NO;
				DEBUG_INFORMATION_FORMAT = "dwarf-with-dsym";
				ENABLE_STRICT_OBJC_MSGSEND = YES;
				GCC_C_LANGUAGE_STANDARD = gnu99;
				GCC_DYNAMIC_NO_PIC = NO;
				GCC_NO_COMMON_BLOCKS = YES;
				GCC_OPTIMIZATION_LEVEL = 0;
				GCC_PREPROCESSOR_DEFINITIONS = (
					"DEBUG=1",
					"$(inherited)",
				);
				GCC_SYMBOLS_PRIVATE_EXTERN = NO;
				GCC_WARN_64_TO_32_BIT_CONVERSION = YES;
				GCC_WARN_ABOUT_RETURN_TYPE = YES_ERROR;
				GCC_WARN_UNDECLARED_SELECTOR = YES;
				GCC_WARN_UNINITIALIZED_AUTOS = YES_AGGRESSIVE;
				GCC_WARN_UNUSED_FUNCTION = YES;
				GCC_WARN_UNUSED_VARIABLE = YES;
				IPHONEOS_DEPLOYMENT_TARGET = 8.4;
				MTL_ENABLE_DEBUG_INFO = YES;
				ONLY_ACTIVE_ARCH = YES;
				SDKROOT = iphoneos;
			};
			name = Debug;
		};
		110F3A651BB95B9E003521FD /* Release */ = {
			isa = XCBuildConfiguration;
			buildSettings = {
				ALWAYS_SEARCH_USER_PATHS = NO;
				CLANG_CXX_LANGUAGE_STANDARD = "gnu++0x";
				CLANG_CXX_LIBRARY = "libc++";
				CLANG_ENABLE_MODULES = YES;
				CLANG_ENABLE_OBJC_ARC = YES;
				CLANG_WARN_BOOL_CONVERSION = YES;
				CLANG_WARN_CONSTANT_CONVERSION = YES;
				CLANG_WARN_DIRECT_OBJC_ISA_USAGE = YES_ERROR;
				CLANG_WARN_EMPTY_BODY = YES;
				CLANG_WARN_ENUM_CONVERSION = YES;
				CLANG_WARN_INT_CONVERSION = YES;
				CLANG_WARN_OBJC_ROOT_CLASS = YES_ERROR;
				CLANG_WARN_UNREACHABLE_CODE = YES;
				CLANG_WARN__DUPLICATE_METHOD_MATCH = YES;
				"CODE_SIGN_IDENTITY[sdk=iphoneos*]" = "iPhone Developer";
				COPY_PHASE_STRIP = NO;
				DEBUG_INFORMATION_FORMAT = "dwarf-with-dsym";
				ENABLE_NS_ASSERTIONS = NO;
				ENABLE_STRICT_OBJC_MSGSEND = YES;
				GCC_C_LANGUAGE_STANDARD = gnu99;
				GCC_NO_COMMON_BLOCKS = YES;
				GCC_WARN_64_TO_32_BIT_CONVERSION = YES;
				GCC_WARN_ABOUT_RETURN_TYPE = YES_ERROR;
				GCC_WARN_UNDECLARED_SELECTOR = YES;
				GCC_WARN_UNINITIALIZED_AUTOS = YES_AGGRESSIVE;
				GCC_WARN_UNUSED_FUNCTION = YES;
				GCC_WARN_UNUSED_VARIABLE = YES;
				IPHONEOS_DEPLOYMENT_TARGET = 8.4;
				MTL_ENABLE_DEBUG_INFO = NO;
				SDKROOT = iphoneos;
				VALIDATE_PRODUCT = YES;
			};
			name = Release;
		};
		110F3A671BB95B9E003521FD /* Debug */ = {
			isa = XCBuildConfiguration;
			buildSettings = {
				ASSETCATALOG_COMPILER_APPICON_NAME = AppIcon;
				INFOPLIST_FILE = "How They Sound/Info.plist";
				LD_RUNPATH_SEARCH_PATHS = "$(inherited) @executable_path/Frameworks";
				PRODUCT_NAME = "$(TARGET_NAME)";
				TARGETED_DEVICE_FAMILY = 1;
			};
			name = Debug;
		};
		110F3A681BB95B9E003521FD /* Release */ = {
			isa = XCBuildConfiguration;
			buildSettings = {
				ASSETCATALOG_COMPILER_APPICON_NAME = AppIcon;
				INFOPLIST_FILE = "How They Sound/Info.plist";
				LD_RUNPATH_SEARCH_PATHS = "$(inherited) @executable_path/Frameworks";
				PRODUCT_NAME = "$(TARGET_NAME)";
				TARGETED_DEVICE_FAMILY = 1;
			};
			name = Release;
		};
		110F3A6A1BB95B9E003521FD /* Debug */ = {
			isa = XCBuildConfiguration;
			buildSettings = {
				BUNDLE_LOADER = "$(TEST_HOST)";
				FRAMEWORK_SEARCH_PATHS = (
					"$(SDKROOT)/Developer/Library/Frameworks",
					"$(inherited)",
				);
				GCC_PREPROCESSOR_DEFINITIONS = (
					"DEBUG=1",
					"$(inherited)",
				);
				INFOPLIST_FILE = "How They SoundTests/Info.plist";
				LD_RUNPATH_SEARCH_PATHS = "$(inherited) @executable_path/Frameworks @loader_path/Frameworks";
				PRODUCT_NAME = "$(TARGET_NAME)";
				TEST_HOST = "$(BUILT_PRODUCTS_DIR)/How They Sound.app/How They Sound";
			};
			name = Debug;
		};
		110F3A6B1BB95B9E003521FD /* Release */ = {
			isa = XCBuildConfiguration;
			buildSettings = {
				BUNDLE_LOADER = "$(TEST_HOST)";
				FRAMEWORK_SEARCH_PATHS = (
					"$(SDKROOT)/Developer/Library/Frameworks",
					"$(inherited)",
				);
				INFOPLIST_FILE = "How They SoundTests/Info.plist";
				LD_RUNPATH_SEARCH_PATHS = "$(inherited) @executable_path/Frameworks @loader_path/Frameworks";
				PRODUCT_NAME = "$(TARGET_NAME)";
				TEST_HOST = "$(BUILT_PRODUCTS_DIR)/How They Sound.app/How They Sound";
			};
			name = Release;
		};
/* End XCBuildConfiguration section */

/* Begin XCConfigurationList section */
		110F3A3E1BB95B9E003521FD /* Build configuration list for PBXProject "How They Sound" */ = {
			isa = XCConfigurationList;
			buildConfigurations = (
				110F3A641BB95B9E003521FD /* Debug */,
				110F3A651BB95B9E003521FD /* Release */,
			);
			defaultConfigurationIsVisible = 0;
			defaultConfigurationName = Release;
		};
		110F3A661BB95B9E003521FD /* Build configuration list for PBXNativeTarget "How They Sound" */ = {
			isa = XCConfigurationList;
			buildConfigurations = (
				110F3A671BB95B9E003521FD /* Debug */,
				110F3A681BB95B9E003521FD /* Release */,
			);
			defaultConfigurationIsVisible = 0;
			defaultConfigurationName = Release;
		};
		110F3A691BB95B9E003521FD /* Build configuration list for PBXNativeTarget "How They SoundTests" */ = {
			isa = XCConfigurationList;
			buildConfigurations = (
				110F3A6A1BB95B9E003521FD /* Debug */,
				110F3A6B1BB95B9E003521FD /* Release */,
			);
			defaultConfigurationIsVisible = 0;
			defaultConfigurationName = Release;
		};
/* End XCConfigurationList section */
	};
	rootObject = 110F3A3B1BB95B9E003521FD /* Project object */;
}
